
Microsoft Visual Studio Solution File, Format Version 12.00
# Visual Studio Version 16
VisualStudioVersion = 16.0.30523.141
MinimumVisualStudioVersion = 10.0.40219.1
Project("{9A19103F-16F7-4668-BE54-9A1E7A4F7556}") = "TimetableApi", "TimetableApi\TimetableApi.csproj", "{5DE4A8F8-8924-4448-8909-D6A41D8AB56C}"
EndProject
Project("{2150E333-8FDC-42A3-9474-1A3956D46DE8}") = "Diagrams", "Diagrams", "{95839D4D-E064-4C57-AC61-42F764176335}"
EndProject
Project("{9A19103F-16F7-4668-BE54-9A1E7A4F7556}") = "TimetableApi.Test", "TimetableApi.Test\TimetableApi.Test.csproj", "{52E389E3-3797-41FD-B69A-41C6CC695D8C}"
EndProject
Global
	GlobalSection(SolutionConfigurationPlatforms) = preSolution
		Debug|Any CPU = Debug|Any CPU
		Release|Any CPU = Release|Any CPU
	EndGlobalSection
	GlobalSection(ProjectConfigurationPlatforms) = postSolution
		{5DE4A8F8-8924-4448-8909-D6A41D8AB56C}.Debug|Any CPU.ActiveCfg = Debug|Any CPU
		{5DE4A8F8-8924-4448-8909-D6A41D8AB56C}.Debug|Any CPU.Build.0 = Debug|Any CPU
		{5DE4A8F8-8924-4448-8909-D6A41D8AB56C}.Release|Any CPU.ActiveCfg = Release|Any CPU
		{5DE4A8F8-8924-4448-8909-D6A41D8AB56C}.Release|Any CPU.Build.0 = Release|Any CPU
		{52E389E3-3797-41FD-B69A-41C6CC695D8C}.Debug|Any CPU.ActiveCfg = Debug|Any CPU
		{52E389E3-3797-41FD-B69A-41C6CC695D8C}.Debug|Any CPU.Build.0 = Debug|Any CPU
		{52E389E3-3797-41FD-B69A-41C6CC695D8C}.Release|Any CPU.ActiveCfg = Release|Any CPU
		{52E389E3-3797-41FD-B69A-41C6CC695D8C}.Release|Any CPU.Build.0 = Release|Any CPU
	EndGlobalSection
	GlobalSection(SolutionProperties) = preSolution
		HideSolutionNode = FALSE
	EndGlobalSection
	GlobalSection(ExtensibilityGlobals) = postSolution
		SolutionGuid = {06E20DEA-AA3B-4CEA-A8ED-D84BD4FA300D}
	EndGlobalSection
EndGlobal
